{
  "nodes": {
    "cardano-repo-tool": {
      "flake": false,
      "locked": {
        "lastModified": 1655132032,
        "narHash": "sha256-Yhzu2mC88erBALz0LKFM9ku5RpHOjs58j/4qtnn53/w=",
        "owner": "input-output-hk",
        "repo": "cardano-repo-tool",
        "rev": "77426276d19eeb356bce6f6a74dab1bb9e4f0e17",
        "type": "github"
      },
      "original": {
        "owner": "input-output-hk",
        "repo": "cardano-repo-tool",
        "type": "github"
      }
    },
    "easy-purescript-nix": {
      "flake": false,
      "locked": {
        "lastModified": 1648036602,
        "narHash": "sha256-8erFzbiRJYqPgJHuQwhgBPltQeaWeAZom/5X3lyUAcc=",
        "owner": "justinwoo",
        "repo": "easy-purescript-nix",
        "rev": "9c5ffd3e54c41dece66ed84f8f23970a4f1f3883",
        "type": "github"
      },
      "original": {
        "owner": "justinwoo",
        "repo": "easy-purescript-nix",
        "type": "github"
      }
    },
    "flake-compat": {
      "flake": false,
      "locked": {
        "lastModified": 1647532380,
        "narHash": "sha256-wswAxyO8AJTH7d5oU8VK82yBCpqwA+p6kLgpb1f1PAY=",
        "owner": "input-output-hk",
        "repo": "flake-compat",
        "rev": "7da118186435255a30b5ffeabba9629c344c0bec",
        "type": "github"
      },
      "original": {
        "owner": "input-output-hk",
        "ref": "fixes",
        "repo": "flake-compat",
        "type": "github"
      }
    },
    "flake-utils": {
      "locked": {
        "lastModified": 1653893745,
        "narHash": "sha256-0jntwV3Z8//YwuOjzhV2sgJJPt+HY6KhU7VZUL0fKZQ=",
        "owner": "numtide",
        "repo": "flake-utils",
        "rev": "1ed9fb1935d260de5fe1c2f7ee0ebaae17ed2fa1",
        "type": "github"
      },
      "original": {
        "owner": "numtide",
        "repo": "flake-utils",
        "type": "github"
      }
    },
    "gitignore-nix": {
      "flake": false,
      "locked": {
        "lastModified": 1646480205,
        "narHash": "sha256-kekOlTlu45vuK2L9nq8iVN17V3sB0WWPqTTW3a2SQG0=",
        "owner": "hercules-ci",
        "repo": "gitignore.nix",
        "rev": "bff2832ec341cf30acb3a4d3e2e7f1f7b590116a",
        "type": "github"
      },
      "original": {
        "owner": "hercules-ci",
        "repo": "gitignore.nix",
        "type": "github"
      }
    },
    "hackage-nix": {
      "flake": false,
      "locked": {
        "lastModified": 1658452504,
        "narHash": "sha256-Y689EcB5qBNXJdPm6K2I8ITEUZYnb+eCEP9qh32yQkU=",
        "owner": "input-output-hk",
        "repo": "hackage.nix",
        "rev": "ac5afc2f12a5f6c34ba2c8366f2bee99e64fc209",
        "type": "github"
      },
      "original": {
        "owner": "input-output-hk",
        "repo": "hackage.nix",
        "type": "github"
      }
    },
    "haskell-language-server": {
      "flake": false,
      "locked": {
        "lastModified": 1638136578,
        "narHash": "sha256-Reo9BQ12O+OX7tuRfaDPZPBpJW4jnxZetm63BxYncoM=",
        "owner": "haskell",
        "repo": "haskell-language-server",
        "rev": "745ef26f406dbdd5e4a538585f8519af9f1ccb09",
        "type": "github"
      },
      "original": {
        "owner": "haskell",
        "ref": "1.5.1",
        "repo": "haskell-language-server",
        "type": "github"
      }
    },
    "haskell-nix": {
      "flake": false,
      "locked": {
        "lastModified": 1658452617,
        "narHash": "sha256-NV6fpVSPGWQjq39SIcTFjSiNQMN3I8kw4PC9QfbBf7g=",
        "owner": "input-output-hk",
        "repo": "haskell.nix",
        "rev": "3a81e80d9a90097ae879fecf1f2b5de6a8d13e2c",
        "type": "github"
      },
      "original": {
        "owner": "input-output-hk",
        "repo": "haskell.nix",
        "type": "github"
      }
    },
    "iohk-nix": {
      "flake": false,
      "locked": {
        "lastModified": 1653579289,
        "narHash": "sha256-wveDdPsgB/3nAGAdFaxrcgLEpdi0aJ5kEVNtI+YqVfo=",
        "owner": "input-output-hk",
        "repo": "iohk-nix",
        "rev": "edb2d2df2ebe42bbdf03a0711115cf6213c9d366",
        "type": "github"
      },
      "original": {
        "owner": "input-output-hk",
        "repo": "iohk-nix",
        "type": "github"
      }
    },
    "nixpkgs": {
      "flake": false,
      "locked": {
        "lastModified": 1648219316,
        "narHash": "sha256-Ctij+dOi0ZZIfX5eMhgwugfvB+WZSrvVNAyAuANOsnQ=",
        "owner": "NixOS",
        "repo": "nixpkgs",
        "rev": "30d3d79b7d3607d56546dd2a6b49e156ba0ec634",
        "type": "github"
      },
      "original": {
        "owner": "NixOS",
        "ref": "nixpkgs-unstable",
        "repo": "nixpkgs",
        "type": "github"
      }
    },
    "npmlock2nix": {
      "flake": false,
      "locked": {
        "lastModified": 1654775747,
        "narHash": "sha256-9pXHDpIjmsK5390wmpGHu9aA4QOPpegPBvThHeBlef4=",
        "owner": "tweag",
        "repo": "npmlock2nix",
        "rev": "5c4f247688fc91d665df65f71c81e0726621aaa8",
        "type": "github"
      },
      "original": {
        "owner": "tweag",
        "repo": "npmlock2nix",
        "type": "github"
      }
    },
    "plutus-core": {
      "flake": false,
      "locked": {
        "lastModified": 1655562446,
        "narHash": "sha256-Cu4RYwr6ZnL/1WDHJfZFI90xvZ1/PgBrr7jkQhoWTfk=",
        "owner": "input-output-hk",
        "repo": "plutus",
        "rev": "ab3d01280109c1b5d1522f9bae475f5984fbc055",
        "type": "github"
      },
      "original": {
        "owner": "input-output-hk",
        "repo": "plutus",
        "type": "github"
      }
    },
    "pre-commit-hooks-nix": {
      "flake": false,
      "locked": {
        "lastModified": 1652714503,
        "narHash": "sha256-qQKVEfDe5FqvGgkZtg5Pc491foeiDPIOeycHMqnPDps=",
        "owner": "cachix",
        "repo": "pre-commit-hooks.nix",
        "rev": "521a524771a8e93caddaa0ac1d67d03766a8b0b3",
        "type": "github"
      },
      "original": {
        "owner": "cachix",
        "repo": "pre-commit-hooks.nix",
        "type": "github"
      }
    },
    "root": {
      "inputs": {
        "cardano-repo-tool": "cardano-repo-tool",
        "easy-purescript-nix": "easy-purescript-nix",
        "flake-compat": "flake-compat",
        "flake-utils": "flake-utils",
        "gitignore-nix": "gitignore-nix",
        "hackage-nix": "hackage-nix",
        "haskell-language-server": "haskell-language-server",
        "haskell-nix": "haskell-nix",
        "iohk-nix": "iohk-nix",
        "nixpkgs": "nixpkgs",
        "npmlock2nix": "npmlock2nix",
        "plutus-core": "plutus-core",
        "pre-commit-hooks-nix": "pre-commit-hooks-nix",
        "spago2nix": "spago2nix",
        "sphinxcontrib-haddock": "sphinxcontrib-haddock",
        "stackage-nix": "stackage-nix",
        "web-common": "web-common"
      }
    },
    "spago2nix": {
      "flake": false,
      "locked": {
        "lastModified": 1641236534,
        "narHash": "sha256-a5cBQdkFg98NC8mpKzfVm5Iv2DtMSLlr9IclWp5D8mI=",
        "owner": "justinwoo",
        "repo": "spago2nix",
        "rev": "1c834738a8216a4c89d9defac9bf1c331d302a6a",
        "type": "github"
      },
      "original": {
        "owner": "justinwoo",
        "repo": "spago2nix",
        "type": "github"
      }
    },
    "sphinxcontrib-haddock": {
      "flake": false,
      "locked": {
        "lastModified": 1594136664,
        "narHash": "sha256-O9YT3iCUBHP3CEF88VDLLCO2HSP3HqkNA2q2939RnVY=",
        "owner": "michaelpj",
        "repo": "sphinxcontrib-haddock",
        "rev": "f3956b3256962b2d27d5a4e96edb7951acf5de34",
        "type": "github"
      },
      "original": {
        "owner": "michaelpj",
        "repo": "sphinxcontrib-haddock",
        "type": "github"
      }
    },
    "stackage-nix": {
      "flake": false,
      "locked": {
        "lastModified": 1655687733,
        "narHash": "sha256-/Ngfyu0IFzCD21xjxXxcKvhPc5qEXEufWuF5oBbe+IU=",
        "owner": "input-output-hk",
        "repo": "stackage.nix",
        "rev": "2e5ca12507b0da588b1f5c5dee83e32d75ea1999",
        "type": "github"
      },
      "original": {
        "owner": "input-output-hk",
        "repo": "stackage.nix",
        "type": "github"
      }
    },
    "web-common": {
      "flake": false,
      "locked": {
        "lastModified": 1652191089,
        "narHash": "sha256-npOEcwVFKnuMgSQ5FgkuKmO1rAyw7dq6kh2P5LgtxQY=",
        "owner": "input-output-hk",
        "repo": "purescript-web-common",
        "rev": "cdfbed5d0b828d83eec7b3f9dc79449430839a0b",
        "type": "github"
      },
      "original": {
        "owner": "input-output-hk",
        "repo": "purescript-web-common",
        "type": "github"
      }
    }
  },
  "root": "root",
  "version": 7
}
