{
  "nodes": {
    "cardano-repo-tool": {
      "flake": false,
      "locked": {
        "lastModified": 1632473625,
        "narHash": "sha256-8laBlr/HdsMYJzI7Ia4uPF3IBgMI+w1rupztzoLg5Rc=",
        "owner": "input-output-hk",
        "repo": "cardano-repo-tool",
        "rev": "1b3c9a5e3b808a00cac140c7e7b8ace146964873",
        "type": "github"
      },
      "original": {
        "owner": "input-output-hk",
        "repo": "cardano-repo-tool",
        "type": "github"
      }
    },
    "easy-purescript-nix": {
      "flake": false,
      "locked": {
        "lastModified": 1634991731,
        "narHash": "sha256-uAS889Rpl//h0Ne2M7NyNk6tDFOkr9O3R8yny3qHKVk=",
        "owner": "justinwoo",
        "repo": "easy-purescript-nix",
        "rev": "7802db65618c2ead3a55121355816b4c41d276d9",
        "type": "github"
      },
      "original": {
        "owner": "justinwoo",
        "repo": "easy-purescript-nix",
        "type": "github"
      }
    },
    "flake-utils": {
      "locked": {
        "lastModified": 1634851050,
        "narHash": "sha256-N83GlSGPJJdcqhUxSCS/WwW5pksYf3VP1M13cDRTSVA=",
        "owner": "numtide",
        "repo": "flake-utils",
        "rev": "c91f3de5adaf1de973b797ef7485e441a65b8935",
        "type": "github"
      },
      "original": {
        "owner": "numtide",
        "repo": "flake-utils",
        "type": "github"
      }
    },
    "gitignore-nix": {
      "flake": false,
      "locked": {
        "lastModified": 1635165013,
        "narHash": "sha256-o/BdVjNwcB6jOmzZjOH703BesSkkS5O7ej3xhyO8hAY=",
        "owner": "hercules-ci",
        "repo": "gitignore.nix",
        "rev": "5b9e0ff9d3b551234b4f3eb3983744fa354b17f1",
        "type": "github"
      },
      "original": {
        "owner": "hercules-ci",
        "repo": "gitignore.nix",
        "type": "github"
      }
    },
    "hackage-nix": {
      "flake": false,
      "locked": {
        "lastModified": 1636766065,
        "narHash": "sha256-g3/EFO0QNrbU8U9DDd/qByTshrxE30FAMMppfb/uIXI=",
        "owner": "input-output-hk",
        "repo": "hackage.nix",
        "rev": "cebdce72a115476f3ea681812b449fba35cfe40f",
        "type": "github"
      },
      "original": {
        "owner": "input-output-hk",
        "repo": "hackage.nix",
        "type": "github"
      }
    },
    "haskell-language-server": {
      "flake": false,
      "locked": {
        "lastModified": 1627623934,
        "narHash": "sha256-RjPRzpcfL2UNGp2IYEh3rIrBeSnpdafdJhMAvrtXrbA=",
        "owner": "haskell",
        "repo": "haskell-language-server",
        "rev": "e7c5e90b6df5dff2760d76169eddaea3bdd6a831",
        "type": "github"
      },
      "original": {
        "owner": "haskell",
        "ref": "1.3.0",
        "repo": "haskell-language-server",
        "type": "github"
      }
    },
    "haskell-nix": {
      "flake": false,
      "locked": {
        "lastModified": 1636786588,
        "narHash": "sha256-Fj+eK+lwCbD+a0Dvk0bj3D2vIqy/2FODUk73X40g8F0=",
        "owner": "input-output-hk",
        "repo": "haskell.nix",
        "rev": "e8fe654dd722c961744eb0fd2c61e10a2f81219b",
        "type": "github"
      },
      "original": {
        "owner": "input-output-hk",
        "ref": "angerman-patch-2",
        "repo": "haskell.nix",
        "type": "github"
      }
    },
    "iohk-nix": {
      "flake": false,
      "locked": {
        "lastModified": 1633964277,
        "narHash": "sha256-7G/BK514WiMRr90EswNBthe8SmH9tjPaTBba/RW/VA8=",
        "owner": "input-output-hk",
        "repo": "iohk-nix",
        "rev": "1e51437aac8a0e49663cb21e781f34163c81ebfb",
        "type": "github"
      },
      "original": {
        "owner": "input-output-hk",
        "repo": "iohk-nix",
        "type": "github"
      }
    },
    "nixpkgs": {
      "flake": false,
      "locked": {
        "lastModified": 1636737817,
        "narHash": "sha256-ZFQje9cjT9vBMtz2wD7NbMLBnS2fCZNMLRtYhJdZruk=",
        "owner": "NixOS",
        "repo": "nixpkgs",
        "rev": "8f39ad3da14ce78daf249c8291a4e43a17bbcf98",
        "type": "github"
      },
      "original": {
        "owner": "NixOS",
        "ref": "nixpkgs-unstable",
        "repo": "nixpkgs",
        "type": "github"
      }
    },
    "npmlock2nix": {
      "flake": false,
      "locked": {
        "lastModified": 1636723216,
        "narHash": "sha256-GfgUvEyALPWuMCXEMz0pjbSWZUbqRAfUH6JWdqngkVE=",
        "owner": "tweag",
        "repo": "npmlock2nix",
        "rev": "affb8046eafb53034669ba2f5f71ee4982f64e90",
        "type": "github"
      },
      "original": {
        "owner": "tweag",
        "repo": "npmlock2nix",
        "type": "github"
      }
    },
    "plutus-core": {
      "flake": false,
      "locked": {
        "lastModified": 1636738351,
        "narHash": "sha256-rsoceqekF81SB2De9VVV77TQyzZW5mi3Xw1OZwFXKK4=",
        "owner": "input-output-hk",
        "repo": "plutus",
        "rev": "0836d25ecc469d8a3494bf6db10fc8404da522ec",
        "type": "github"
      },
      "original": {
        "owner": "input-output-hk",
        "repo": "plutus",
        "type": "github"
      }
    },
    "pre-commit-hooks-nix": {
      "flake": false,
      "locked": {
        "lastModified": 1636583591,
        "narHash": "sha256-NJIMtEPJIeQf1t8H5+/Fx+vBF9o9n+HMeDZ8QQcPQp0=",
        "owner": "cachix",
        "repo": "pre-commit-hooks.nix",
        "rev": "433808cba23975201a48a3bb8ebc76029191fafd",
        "type": "github"
      },
      "original": {
        "owner": "cachix",
        "repo": "pre-commit-hooks.nix",
        "type": "github"
      }
    },
    "root": {
      "inputs": {
        "cardano-repo-tool": "cardano-repo-tool",
        "easy-purescript-nix": "easy-purescript-nix",
        "flake-utils": "flake-utils",
        "gitignore-nix": "gitignore-nix",
        "hackage-nix": "hackage-nix",
        "haskell-language-server": "haskell-language-server",
        "haskell-nix": "haskell-nix",
        "iohk-nix": "iohk-nix",
        "nixpkgs": "nixpkgs",
        "npmlock2nix": "npmlock2nix",
        "plutus-core": "plutus-core",
        "pre-commit-hooks-nix": "pre-commit-hooks-nix",
        "spago2nix": "spago2nix",
        "sphinxcontrib-haddock": "sphinxcontrib-haddock",
        "stackage-nix": "stackage-nix"
      }
    },
    "spago2nix": {
      "flake": false,
      "locked": {
        "lastModified": 1631778242,
        "narHash": "sha256-Beyls5A0aVNTeIQmk3bfq/KS0paK6xPtvC6syEeVZjM=",
        "owner": "justinwoo",
        "repo": "spago2nix",
        "rev": "874efd1d8e25521463d3f6e60493e629f2ab1cd5",
        "type": "github"
      },
      "original": {
        "owner": "justinwoo",
        "repo": "spago2nix",
        "type": "github"
      }
    },
    "sphinxcontrib-haddock": {
      "flake": false,
      "locked": {
        "lastModified": 1594136664,
        "narHash": "sha256-O9YT3iCUBHP3CEF88VDLLCO2HSP3HqkNA2q2939RnVY=",
        "owner": "michaelpj",
        "repo": "sphinxcontrib-haddock",
        "rev": "f3956b3256962b2d27d5a4e96edb7951acf5de34",
        "type": "github"
      },
      "original": {
        "owner": "michaelpj",
        "repo": "sphinxcontrib-haddock",
        "type": "github"
      }
    },
    "stackage-nix": {
      "flake": false,
      "locked": {
        "lastModified": 1636766230,
        "narHash": "sha256-4CPN69Cb76oBtu2ZrZ0Tkxbif++f3w2OyUqIo2NaMQk=",
        "owner": "input-output-hk",
        "repo": "stackage.nix",
        "rev": "81f02976025f90b0755044372512655203b4d56e",
        "type": "github"
      },
      "original": {
        "owner": "input-output-hk",
        "repo": "stackage.nix",
        "type": "github"
      }
    }
  },
  "root": "root",
  "version": 7
}
