{
  "nodes": {
    "cardano-repo-tool": {
      "flake": false,
      "locked": {
        "lastModified": 1624584417,
        "narHash": "sha256-YSepT97PagR/1jTYV/Yer8a2GjFe9+tTwaTCHxuK50M=",
        "owner": "input-output-hk",
        "repo": "cardano-repo-tool",
        "rev": "30e826ed8f00e3e154453b122a6f3d779b2f73ec",
        "type": "github"
      },
      "original": {
        "owner": "input-output-hk",
        "repo": "cardano-repo-tool",
        "type": "github"
      }
    },
    "easy-purescript-nix": {
      "flake": false,
      "locked": {
        "lastModified": 1634991731,
        "narHash": "sha256-uAS889Rpl//h0Ne2M7NyNk6tDFOkr9O3R8yny3qHKVk=",
        "owner": "justinwoo",
        "repo": "easy-purescript-nix",
        "rev": "7802db65618c2ead3a55121355816b4c41d276d9",
        "type": "github"
      },
      "original": {
        "owner": "justinwoo",
        "repo": "easy-purescript-nix",
        "type": "github"
      }
    },
    "flake-compat": {
      "flake": false,
      "locked": {
        "lastModified": 1647532380,
        "narHash": "sha256-wswAxyO8AJTH7d5oU8VK82yBCpqwA+p6kLgpb1f1PAY=",
        "owner": "input-output-hk",
        "repo": "flake-compat",
        "rev": "7da118186435255a30b5ffeabba9629c344c0bec",
        "type": "github"
      },
      "original": {
        "owner": "input-output-hk",
        "ref": "fixes",
        "repo": "flake-compat",
        "type": "github"
      }
    },
    "flake-utils": {
      "locked": {
        "lastModified": 1620759905,
        "narHash": "sha256-WiyWawrgmyN0EdmiHyG2V+fqReiVi8bM9cRdMaKQOFg=",
        "owner": "numtide",
        "repo": "flake-utils",
        "rev": "b543720b25df6ffdfcf9227afafc5b8c1fabfae8",
        "type": "github"
      },
      "original": {
        "owner": "numtide",
        "repo": "flake-utils",
        "type": "github"
      }
    },
    "gitignore-nix": {
      "flake": false,
      "locked": {
        "lastModified": 1611672876,
        "narHash": "sha256-qHu3uZ/o9jBHiA3MEKHJ06k7w4heOhA+4HCSIvflRxo=",
        "owner": "hercules-ci",
        "repo": "gitignore.nix",
        "rev": "211907489e9f198594c0eb0ca9256a1949c9d412",
        "type": "github"
      },
      "original": {
        "owner": "hercules-ci",
        "repo": "gitignore.nix",
        "type": "github"
      }
    },
    "hackage-nix": {
      "flake": false,
      "locked": {
        "lastModified": 1647825459,
        "narHash": "sha256-xW+M2/j9C29UtjkGsVgA/4vRRwVglwd5rnJc6zaB/YI=",
        "owner": "input-output-hk",
        "repo": "hackage.nix",
        "rev": "0b78b2adf43a0611927497a624559443d7e5a20c",
        "type": "github"
      },
      "original": {
        "owner": "input-output-hk",
        "repo": "hackage.nix",
        "type": "github"
      }
    },
    "haskell-language-server": {
      "flake": false,
      "locked": {
        "lastModified": 1638136578,
        "narHash": "sha256-Reo9BQ12O+OX7tuRfaDPZPBpJW4jnxZetm63BxYncoM=",
        "owner": "haskell",
        "repo": "haskell-language-server",
        "rev": "745ef26f406dbdd5e4a538585f8519af9f1ccb09",
        "type": "github"
      },
      "original": {
        "owner": "haskell",
        "ref": "1.5.1",
        "repo": "haskell-language-server",
        "type": "github"
      }
    },
    "haskell-nix": {
      "flake": false,
      "locked": {
        "lastModified": 1643246195,
        "narHash": "sha256-31lgLy3O+UM0zHzKun+Bc+PfPgJ7zcYttqwO07KjvTQ=",
        "owner": "input-output-hk",
        "repo": "haskell.nix",
        "rev": "70a0d1b5425171cb99a73e106978868d2bfda309",
        "type": "github"
      },
      "original": {
        "owner": "input-output-hk",
        "repo": "haskell.nix",
        "type": "github"
      }
    },
    "iohk-nix": {
      "flake": false,
      "locked": {
        "lastModified": 1626953580,
        "narHash": "sha256-iEI9aTOaZMGsjWzcrctrC0usmiagwKT2v1LSDe9/tMU=",
        "owner": "input-output-hk",
        "repo": "iohk-nix",
        "rev": "cbd497f5844249ef8fe617166337d59f2a6ebe90",
        "type": "github"
      },
      "original": {
        "owner": "input-output-hk",
        "repo": "iohk-nix",
        "type": "github"
      }
    },
    "nixpkgs": {
      "flake": false,
      "locked": {
        "lastModified": 1628785280,
        "narHash": "sha256-2B5eMrEr6O8ff2aQNeVxTB+9WrGE80OB4+oM6T7fOcc=",
        "owner": "NixOS",
        "repo": "nixpkgs",
        "rev": "6525bbc06a39f26750ad8ee0d40000ddfdc24acb",
        "type": "github"
      },
      "original": {
        "owner": "NixOS",
        "ref": "nixpkgs-unstable",
        "repo": "nixpkgs",
        "type": "github"
      }
    },
    "npmlock2nix": {
      "flake": false,
      "locked": {
        "lastModified": 1628944002,
        "narHash": "sha256-eRTG5eWjFN6i0CIPbt5XSeYjvIJ3nsmuS/5ggCVAMXg=",
        "owner": "tweag",
        "repo": "npmlock2nix",
        "rev": "bf6515b9614645429e1f1846ce07c31f5879e45f",
        "type": "github"
      },
      "original": {
        "owner": "tweag",
        "repo": "npmlock2nix",
        "type": "github"
      }
    },
    "plutus-core": {
      "flake": false,
      "locked": {
        "lastModified": 1646650116,
        "narHash": "sha256-S8uvyld7ZpPsmxZlWJeRNAPd+mw3PafrtaiiuU8H3KA=",
        "owner": "input-output-hk",
        "repo": "plutus",
        "rev": "4127e9cd6e889824d724c30eae55033cb50cbf3e",
        "type": "github"
      },
      "original": {
        "owner": "input-output-hk",
        "repo": "plutus",
        "type": "github"
      }
    },
    "pre-commit-hooks-nix": {
      "flake": false,
      "locked": {
        "lastModified": 1624971177,
        "narHash": "sha256-Amf/nBj1E77RmbSSmV+hg6YOpR+rddCbbVgo5C7BS0I=",
        "owner": "cachix",
        "repo": "pre-commit-hooks.nix",
        "rev": "397f0713d007250a2c7a745e555fa16c5dc8cadb",
        "type": "github"
      },
      "original": {
        "owner": "cachix",
        "repo": "pre-commit-hooks.nix",
        "type": "github"
      }
    },
    "root": {
      "inputs": {
        "cardano-repo-tool": "cardano-repo-tool",
        "easy-purescript-nix": "easy-purescript-nix",
        "flake-compat": "flake-compat",
        "flake-utils": "flake-utils",
        "gitignore-nix": "gitignore-nix",
        "hackage-nix": "hackage-nix",
        "haskell-language-server": "haskell-language-server",
        "haskell-nix": "haskell-nix",
        "iohk-nix": "iohk-nix",
        "nixpkgs": "nixpkgs",
        "npmlock2nix": "npmlock2nix",
        "plutus-core": "plutus-core",
        "pre-commit-hooks-nix": "pre-commit-hooks-nix",
        "spago2nix": "spago2nix",
        "sphinxcontrib-haddock": "sphinxcontrib-haddock",
        "stackage-nix": "stackage-nix",
        "web-common": "web-common"
      }
    },
    "spago2nix": {
      "flake": false,
      "locked": {
        "lastModified": 1620480713,
        "narHash": "sha256-gvewQhhrK9FODgFWVMxZ//gsXB/O7/D7mY7D1PG/9ew=",
        "owner": "justinwoo",
        "repo": "spago2nix",
        "rev": "a4622c3b27fca47e3276131a8ec4097a1d3c78a7",
        "type": "github"
      },
      "original": {
        "owner": "justinwoo",
        "repo": "spago2nix",
        "type": "github"
      }
    },
    "sphinxcontrib-haddock": {
      "flake": false,
      "locked": {
        "lastModified": 1594136664,
        "narHash": "sha256-O9YT3iCUBHP3CEF88VDLLCO2HSP3HqkNA2q2939RnVY=",
        "owner": "michaelpj",
        "repo": "sphinxcontrib-haddock",
        "rev": "f3956b3256962b2d27d5a4e96edb7951acf5de34",
        "type": "github"
      },
      "original": {
        "owner": "michaelpj",
        "repo": "sphinxcontrib-haddock",
        "type": "github"
      }
    },
    "stackage-nix": {
      "flake": false,
      "locked": {
        "lastModified": 1643246130,
        "narHash": "sha256-Y8f2WPHMtj0P1ptpESaw6XjT7uIT0FXXJBb1L7qd8+Y=",
        "owner": "input-output-hk",
        "repo": "stackage.nix",
        "rev": "9dc4a0b35b0fd0a120f0cfd6a2bc7318a5251ec9",
        "type": "github"
      },
      "original": {
        "owner": "input-output-hk",
        "repo": "stackage.nix",
        "type": "github"
      }
    },
    "web-common": {
      "flake": false,
      "locked": {
        "lastModified": 1635526611,
        "narHash": "sha256-qLUmwG7hKGbc3pFWkKSKFFE0uWxgPSrIUZspUwwEFCo=",
        "owner": "input-output-hk",
        "repo": "purescript-web-common",
        "rev": "f1241ea27fc6acc78d093574e3707165b4ef9b3e",
        "type": "github"
      },
      "original": {
        "owner": "input-output-hk",
        "repo": "purescript-web-common",
        "type": "github"
      }
    }
  },
  "root": "root",
  "version": 7
}
