# This file was autogenerated by Stack.
# You should not edit this file by hand.
# For more information, please see the documentation at:
#   https://docs.haskellstack.org/en/stable/lock_files

packages:
- completed:
    pantry-tree:
      sha256: 36e7cd88a0fe800a0b0ea216c0c3ea96db02e25fd34ef53653f6d5008730476c
      size: 3032
    hackage: quickspec-2.1.5@sha256:1d1cc020fa9075cb5fafd4056fe1d930d5763b954fa8200e57ce6aba057544b2,3557
  original:
    hackage: quickspec-2.1.5@sha256:1d1cc020fa9075cb5fafd4056fe1d930d5763b954fa8200e57ce6aba057544b2,3557
- completed:
    pantry-tree:
      sha256: 0356be78a4720251536932d2253f75eb1f97b26c61260e566b5e8e05642d5349
      size: 1487
    hackage: twee-lib-2.2@sha256:9fe9327505d8f450a94f2fc9eea74b292901b7992d520aa1dd4f0410fbe0e594,2112
  original:
    hackage: twee-lib-2.2@sha256:9fe9327505d8f450a94f2fc9eea74b292901b7992d520aa1dd4f0410fbe0e594,2112
snapshots:
- completed:
    sha256: 79a786674930a89301b0e908fad2822a48882f3d01486117693c377b8edffdbe
    size: 590102
    url: https://raw.githubusercontent.com/commercialhaskell/stackage-snapshots/master/lts/18/27.yaml
  original:
    url: https://raw.githubusercontent.com/commercialhaskell/stackage-snapshots/master/lts/18/27.yaml
